
Microsoft Visual Studio Solution File, Format Version 12.00
# Visual Studio Version 16
VisualStudioVersion = 16.0.30225.117
MinimumVisualStudioVersion = 10.0.40219.1
Project("{FAE04EC0-301F-11D3-BF4B-00C04F79EFBC}") = "EventParadigm", "EventParadigm.csproj", "{F343F4A2-771C-406B-AF50-D59FD6A91646}"
EndProject
Global
	GlobalSection(SolutionConfigurationPlatforms) = preSolution
		Debug|Any CPU = Debug|Any CPU
		Release|Any CPU = Release|Any CPU
	EndGlobalSection
	GlobalSection(ProjectConfigurationPlatforms) = postSolution
		{F343F4A2-771C-406B-AF50-D59FD6A91646}.Debug|Any CPU.ActiveCfg = Debug|Any CPU
		{F343F4A2-771C-406B-AF50-D59FD6A91646}.Debug|Any CPU.Build.0 = Debug|Any CPU
		{F343F4A2-771C-406B-AF50-D59FD6A91646}.Release|Any CPU.ActiveCfg = Release|Any CPU
		{F343F4A2-771C-406B-AF50-D59FD6A91646}.Release|Any CPU.Build.0 = Release|Any CPU
	EndGlobalSection
	GlobalSection(SolutionProperties) = preSolution
		HideSolutionNode = FALSE
	EndGlobalSection
	GlobalSection(ExtensibilityGlobals) = postSolution
		SolutionGuid = {53777C59-F2A8-40CB-B251-277CCA5AD15C}
	EndGlobalSection
EndGlobal
